
Microsoft Visual Studio Solution File, Format Version 12.00
# Visual Studio Version 16
VisualStudioVersion = 25.0.1706.8
MinimumVisualStudioVersion = 10.0.40219.1
Project("{FAE04EC0-301F-11D3-BF4B-00C04F79EFBC}") = "Search_&_Sorting", "Search_&_Sorting.csproj", "{B57DEF8E-362E-4C3A-851E-6F3E9D614EF4}"
EndProject
Global
	GlobalSection(SolutionConfigurationPlatforms) = preSolution
		Debug|Any CPU = Debug|Any CPU
		Release|Any CPU = Release|Any CPU
	EndGlobalSection
	GlobalSection(ProjectConfigurationPlatforms) = postSolution
		{B57DEF8E-362E-4C3A-851E-6F3E9D614EF4}.Debug|Any CPU.ActiveCfg = Debug|Any CPU
		{B57DEF8E-362E-4C3A-851E-6F3E9D614EF4}.Debug|Any CPU.Build.0 = Debug|Any CPU
		{B57DEF8E-362E-4C3A-851E-6F3E9D614EF4}.Release|Any CPU.ActiveCfg = Release|Any CPU
		{B57DEF8E-362E-4C3A-851E-6F3E9D614EF4}.Release|Any CPU.Build.0 = Release|Any CPU
	EndGlobalSection
	GlobalSection(SolutionProperties) = preSolution
		HideSolutionNode = FALSE
	EndGlobalSection
	GlobalSection(ExtensibilityGlobals) = postSolution
		SolutionGuid = {7AA4A31B-0457-40B6-97A1-657CEF59A954}
	EndGlobalSection
EndGlobal
